
Microsoft Visual Studio Solution File, Format Version 12.00
# Visual Studio Version 16
VisualStudioVersion = 16.0.31025.194
MinimumVisualStudioVersion = 10.0.40219.1
Project("{FAE04EC0-301F-11D3-BF4B-00C04F79EFBC}") = "appli_gest_du_personnel_cned", "appli-gest du personnel-cned\appli_gest_du_personnel_cned.csproj", "{0AEC8AEF-43C7-4AFA-A710-2D7F12ACFE28}"
EndProject
Global
	GlobalSection(SolutionConfigurationPlatforms) = preSolution
		Debug|Any CPU = Debug|Any CPU
		Release|Any CPU = Release|Any CPU
	EndGlobalSection
	GlobalSection(ProjectConfigurationPlatforms) = postSolution
		{0AEC8AEF-43C7-4AFA-A710-2D7F12ACFE28}.Debug|Any CPU.ActiveCfg = Debug|Any CPU
		{0AEC8AEF-43C7-4AFA-A710-2D7F12ACFE28}.Debug|Any CPU.Build.0 = Debug|Any CPU
		{0AEC8AEF-43C7-4AFA-A710-2D7F12ACFE28}.Release|Any CPU.ActiveCfg = Release|Any CPU
		{0AEC8AEF-43C7-4AFA-A710-2D7F12ACFE28}.Release|Any CPU.Build.0 = Release|Any CPU
	EndGlobalSection
	GlobalSection(SolutionProperties) = preSolution
		HideSolutionNode = FALSE
	EndGlobalSection
	GlobalSection(ExtensibilityGlobals) = postSolution
		SolutionGuid = {2E010C58-4F44-4F50-AD3F-78C8A7C685CA}
	EndGlobalSection
EndGlobal
